// !$*UTF8*$!
{
	archiveVersion = 1;
	classes = {
	};
	objectVersion = 46;
	objects = {

/* Begin PBXBuildFile section */
		7F2EE7B3146CD43F006817B2 /* UIKit.framework in Frameworks */ = {isa = PBXBuildFile; fileRef = 7F2EE7B2146CD43F006817B2 /* UIKit.framework */; };
		7F2EE7B5146CD43F006817B2 /* Foundation.framework in Frameworks */ = {isa = PBXBuildFile; fileRef = 7F2EE7B4146CD43F006817B2 /* Foundation.framework */; };
		7F2EE7B7146CD43F006817B2 /* CoreGraphics.framework in Frameworks */ = {isa = PBXBuildFile; fileRef = 7F2EE7B6146CD43F006817B2 /* CoreGraphics.framework */; };
		7F2EE7BD146CD43F006817B2 /* InfoPlist.strings in Resources */ = {isa = PBXBuildFile; fileRef = 7F2EE7BB146CD43F006817B2 /* InfoPlist.strings */; };
		7F2EE7BF146CD43F006817B2 /* main.m in Sources */ = {isa = PBXBuildFile; fileRef = 7F2EE7BE146CD43F006817B2 /* main.m */; };
		7F2EE7C3146CD43F006817B2 /* AppDelegate.m in Sources */ = {isa = PBXBuildFile; fileRef = 7F2EE7C2146CD43F006817B2 /* AppDelegate.m */; };
		7F2EE7C6146CD43F006817B2 /* ViewController.m in Sources */ = {isa = PBXBuildFile; fileRef = 7F2EE7C5146CD43F006817B2 /* ViewController.m */; };
		7F2EE7C9146CD43F006817B2 /* ViewController.xib in Resources */ = {isa = PBXBuildFile; fileRef = 7F2EE7C7146CD43F006817B2 /* ViewController.xib */; };
		7F2EE7D1146CD43F006817B2 /* SenTestingKit.framework in Frameworks */ = {isa = PBXBuildFile; fileRef = 7F2EE7D0146CD43F006817B2 /* SenTestingKit.framework */; };
		7F2EE7D2146CD43F006817B2 /* UIKit.framework in Frameworks */ = {isa = PBXBuildFile; fileRef = 7F2EE7B2146CD43F006817B2 /* UIKit.framework */; };
		7F2EE7D3146CD43F006817B2 /* Foundation.framework in Frameworks */ = {isa = PBXBuildFile; fileRef = 7F2EE7B4146CD43F006817B2 /* Foundation.framework */; };
		7F2EE7DB146CD43F006817B2 /* InfoPlist.strings in Resources */ = {isa = PBXBuildFile; fileRef = 7F2EE7D9146CD43F006817B2 /* InfoPlist.strings */; };
		7F2EE7DE146CD43F006817B2 /* EffectLoadingViewTests.m in Sources */ = {isa = PBXBuildFile; fileRef = 7F2EE7DD146CD43F006817B2 /* EffectLoadingViewTests.m */; };
		7F2EE7E9146CD57A006817B2 /* LoadingViewController.m in Sources */ = {isa = PBXBuildFile; fileRef = 7F2EE7E8146CD57A006817B2 /* LoadingViewController.m */; };
		7F2EE7EC146CFB96006817B2 /* image_02_640x960.jpg in Resources */ = {isa = PBXBuildFile; fileRef = 7F2EE7EB146CFB96006817B2 /* image_02_640x960.jpg */; };
		7F2EE7EE146CFBA8006817B2 /* image_01_640x960.jpg in Resources */ = {isa = PBXBuildFile; fileRef = 7F2EE7ED146CFBA8006817B2 /* image_01_640x960.jpg */; };
		7F2EE7F1146CFF1B006817B2 /* NewViewController.m in Sources */ = {isa = PBXBuildFile; fileRef = 7F2EE7F0146CFF1B006817B2 /* NewViewController.m */; };
/* End PBXBuildFile section */

/* Begin PBXContainerItemProxy section */
		7F2EE7D4146CD43F006817B2 /* PBXContainerItemProxy */ = {
			isa = PBXContainerItemProxy;
			containerPortal = 7F2EE7A5146CD43F006817B2 /* Project object */;
			proxyType = 1;
			remoteGlobalIDString = 7F2EE7AD146CD43F006817B2;
			remoteInfo = EffectLoadingView;
		};
/* End PBXContainerItemProxy section */

/* Begin PBXFileReference section */
		7F2EE7AE146CD43F006817B2 /* EffectLoadingView.app */ = {isa = PBXFileReference; explicitFileType = wrapper.application; includeInIndex = 0; path = EffectLoadingView.app; sourceTree = BUILT_PRODUCTS_DIR; };
		7F2EE7B2146CD43F006817B2 /* UIKit.framework */ = {isa = PBXFileReference; lastKnownFileType = wrapper.framework; name = UIKit.framework; path = System/Library/Frameworks/UIKit.framework; sourceTree = SDKROOT; };
		7F2EE7B4146CD43F006817B2 /* Foundation.framework */ = {isa = PBXFileReference; lastKnownFileType = wrapper.framework; name = Foundation.framework; path = System/Library/Frameworks/Foundation.framework; sourceTree = SDKROOT; };
		7F2EE7B6146CD43F006817B2 /* CoreGraphics.framework */ = {isa = PBXFileReference; lastKnownFileType = wrapper.framework; name = CoreGraphics.framework; path = System/Library/Frameworks/CoreGraphics.framework; sourceTree = SDKROOT; };
		7F2EE7BA146CD43F006817B2 /* EffectLoadingView-Info.plist */ = {isa = PBXFileReference; lastKnownFileType = text.plist.xml; path = "EffectLoadingView-Info.plist"; sourceTree = "<group>"; };
		7F2EE7BC146CD43F006817B2 /* en */ = {isa = PBXFileReference; lastKnownFileType = text.plist.strings; name = en; path = en.lproj/InfoPlist.strings; sourceTree = "<group>"; };
		7F2EE7BE146CD43F006817B2 /* main.m */ = {isa = PBXFileReference; lastKnownFileType = sourcecode.c.objc; path = main.m; sourceTree = "<group>"; };
		7F2EE7C0146CD43F006817B2 /* EffectLoadingView-Prefix.pch */ = {isa = PBXFileReference; lastKnownFileType = sourcecode.c.h; path = "EffectLoadingView-Prefix.pch"; sourceTree = "<group>"; };
		7F2EE7C1146CD43F006817B2 /* AppDelegate.h */ = {isa = PBXFileReference; lastKnownFileType = sourcecode.c.h; path = AppDelegate.h; sourceTree = "<group>"; };
		7F2EE7C2146CD43F006817B2 /* AppDelegate.m */ = {isa = PBXFileReference; lastKnownFileType = sourcecode.c.objc; path = AppDelegate.m; sourceTree = "<group>"; };
		7F2EE7C4146CD43F006817B2 /* ViewController.h */ = {isa = PBXFileReference; lastKnownFileType = sourcecode.c.h; path = ViewController.h; sourceTree = "<group>"; };
		7F2EE7C5146CD43F006817B2 /* ViewController.m */ = {isa = PBXFileReference; lastKnownFileType = sourcecode.c.objc; path = ViewController.m; sourceTree = "<group>"; };
		7F2EE7C8146CD43F006817B2 /* en */ = {isa = PBXFileReference; lastKnownFileType = file.xib; name = en; path = en.lproj/ViewController.xib; sourceTree = "<group>"; };
		7F2EE7CF146CD43F006817B2 /* EffectLoadingViewTests.octest */ = {isa = PBXFileReference; explicitFileType = wrapper.cfbundle; includeInIndex = 0; path = EffectLoadingViewTests.octest; sourceTree = BUILT_PRODUCTS_DIR; };
		7F2EE7D0146CD43F006817B2 /* SenTestingKit.framework */ = {isa = PBXFileReference; lastKnownFileType = wrapper.framework; name = SenTestingKit.framework; path = Library/Frameworks/SenTestingKit.framework; sourceTree = DEVELOPER_DIR; };
		7F2EE7D8146CD43F006817B2 /* EffectLoadingViewTests-Info.plist */ = {isa = PBXFileReference; lastKnownFileType = text.plist.xml; path = "EffectLoadingViewTests-Info.plist"; sourceTree = "<group>"; };
		7F2EE7DA146CD43F006817B2 /* en */ = {isa = PBXFileReference; lastKnownFileType = text.plist.strings; name = en; path = en.lproj/InfoPlist.strings; sourceTree = "<group>"; };
		7F2EE7DC146CD43F006817B2 /* EffectLoadingViewTests.h */ = {isa = PBXFileReference; lastKnownFileType = sourcecode.c.h; path = EffectLoadingViewTests.h; sourceTree = "<group>"; };
		7F2EE7DD146CD43F006817B2 /* EffectLoadingViewTests.m */ = {isa = PBXFileReference; lastKnownFileType = sourcecode.c.objc; path = EffectLoadingViewTests.m; sourceTree = "<group>"; };
		7F2EE7E7146CD57A006817B2 /* LoadingViewController.h */ = {isa = PBXFileReference; fileEncoding = 4; lastKnownFileType = sourcecode.c.h; path = LoadingViewController.h; sourceTree = "<group>"; };
		7F2EE7E8146CD57A006817B2 /* LoadingViewController.m */ = {isa = PBXFileReference; fileEncoding = 4; lastKnownFileType = sourcecode.c.objc; path = LoadingViewController.m; sourceTree = "<group>"; };
		7F2EE7EB146CFB96006817B2 /* image_02_640x960.jpg */ = {isa = PBXFileReference; lastKnownFileType = image.jpeg; path = image_02_640x960.jpg; sourceTree = "<group>"; };
		7F2EE7ED146CFBA8006817B2 /* image_01_640x960.jpg */ = {isa = PBXFileReference; lastKnownFileType = image.jpeg; path = image_01_640x960.jpg; sourceTree = "<group>"; };
		7F2EE7EF146CFF1B006817B2 /* NewViewController.h */ = {isa = PBXFileReference; fileEncoding = 4; lastKnownFileType = sourcecode.c.h; path = NewViewController.h; sourceTree = "<group>"; };
		7F2EE7F0146CFF1B006817B2 /* NewViewController.m */ = {isa = PBXFileReference; fileEncoding = 4; lastKnownFileType = sourcecode.c.objc; path = NewViewController.m; sourceTree = "<group>"; };
/* End PBXFileReference section */

/* Begin PBXFrameworksBuildPhase section */
		7F2EE7AB146CD43F006817B2 /* Frameworks */ = {
			isa = PBXFrameworksBuildPhase;
			buildActionMask = 2147483647;
			files = (
				7F2EE7B3146CD43F006817B2 /* UIKit.framework in Frameworks */,
				7F2EE7B5146CD43F006817B2 /* Foundation.framework in Frameworks */,
				7F2EE7B7146CD43F006817B2 /* CoreGraphics.framework in Frameworks */,
			);
			runOnlyForDeploymentPostprocessing = 0;
		};
		7F2EE7CB146CD43F006817B2 /* Frameworks */ = {
			isa = PBXFrameworksBuildPhase;
			buildActionMask = 2147483647;
			files = (
				7F2EE7D1146CD43F006817B2 /* SenTestingKit.framework in Frameworks */,
				7F2EE7D2146CD43F006817B2 /* UIKit.framework in Frameworks */,
				7F2EE7D3146CD43F006817B2 /* Foundation.framework in Frameworks */,
			);
			runOnlyForDeploymentPostprocessing = 0;
		};
/* End PBXFrameworksBuildPhase section */

/* Begin PBXGroup section */
		7F2EE7A3146CD43F006817B2 = {
			isa = PBXGroup;
			children = (
				7F2EE7B8146CD43F006817B2 /* EffectLoadingView */,
				7F2EE7D6146CD43F006817B2 /* EffectLoadingViewTests */,
				7F2EE7B1146CD43F006817B2 /* Frameworks */,
				7F2EE7AF146CD43F006817B2 /* Products */,
			);
			sourceTree = "<group>";
		};
		7F2EE7AF146CD43F006817B2 /* Products */ = {
			isa = PBXGroup;
			children = (
				7F2EE7AE146CD43F006817B2 /* EffectLoadingView.app */,
				7F2EE7CF146CD43F006817B2 /* EffectLoadingViewTests.octest */,
			);
			name = Products;
			sourceTree = "<group>";
		};
		7F2EE7B1146CD43F006817B2 /* Frameworks */ = {
			isa = PBXGroup;
			children = (
				7F2EE7B2146CD43F006817B2 /* UIKit.framework */,
				7F2EE7B4146CD43F006817B2 /* Foundation.framework */,
				7F2EE7B6146CD43F006817B2 /* CoreGraphics.framework */,
				7F2EE7D0146CD43F006817B2 /* SenTestingKit.framework */,
			);
			name = Frameworks;
			sourceTree = "<group>";
		};
		7F2EE7B8146CD43F006817B2 /* EffectLoadingView */ = {
			isa = PBXGroup;
			children = (
				7F2EE7C1146CD43F006817B2 /* AppDelegate.h */,
				7F2EE7C2146CD43F006817B2 /* AppDelegate.m */,
				7F2EE7C4146CD43F006817B2 /* ViewController.h */,
				7F2EE7C5146CD43F006817B2 /* ViewController.m */,
				7F2EE7EF146CFF1B006817B2 /* NewViewController.h */,
				7F2EE7F0146CFF1B006817B2 /* NewViewController.m */,
				7F2EE7E7146CD57A006817B2 /* LoadingViewController.h */,
				7F2EE7E8146CD57A006817B2 /* LoadingViewController.m */,
				7F2EE7B9146CD43F006817B2 /* Supporting Files */,
			);
			path = EffectLoadingView;
			sourceTree = "<group>";
		};
		7F2EE7B9146CD43F006817B2 /* Supporting Files */ = {
			isa = PBXGroup;
			children = (
				7F2EE7C7146CD43F006817B2 /* ViewController.xib */,
				7F2EE7BA146CD43F006817B2 /* EffectLoadingView-Info.plist */,
				7F2EE7BB146CD43F006817B2 /* InfoPlist.strings */,
				7F2EE7BE146CD43F006817B2 /* main.m */,
				7F2EE7C0146CD43F006817B2 /* EffectLoadingView-Prefix.pch */,
				7F2EE7EA146CFAD8006817B2 /* images */,
			);
			name = "Supporting Files";
			sourceTree = "<group>";
		};
		7F2EE7D6146CD43F006817B2 /* EffectLoadingViewTests */ = {
			isa = PBXGroup;
			children = (
				7F2EE7DC146CD43F006817B2 /* EffectLoadingViewTests.h */,
				7F2EE7DD146CD43F006817B2 /* EffectLoadingViewTests.m */,
				7F2EE7D7146CD43F006817B2 /* Supporting Files */,
			);
			path = EffectLoadingViewTests;
			sourceTree = "<group>";
		};
		7F2EE7D7146CD43F006817B2 /* Supporting Files */ = {
			isa = PBXGroup;
			children = (
				7F2EE7D8146CD43F006817B2 /* EffectLoadingViewTests-Info.plist */,
				7F2EE7D9146CD43F006817B2 /* InfoPlist.strings */,
			);
			name = "Supporting Files";
			sourceTree = "<group>";
		};
		7F2EE7EA146CFAD8006817B2 /* images */ = {
			isa = PBXGroup;
			children = (
				7F2EE7ED146CFBA8006817B2 /* image_01_640x960.jpg */,
				7F2EE7EB146CFB96006817B2 /* image_02_640x960.jpg */,
			);
			name = images;
			sourceTree = "<group>";
		};
/* End PBXGroup section */

/* Begin PBXNativeTarget section */
		7F2EE7AD146CD43F006817B2 /* EffectLoadingView */ = {
			isa = PBXNativeTarget;
			buildConfigurationList = 7F2EE7E1146CD43F006817B2 /* Build configuration list for PBXNativeTarget "EffectLoadingView" */;
			buildPhases = (
				7F2EE7AA146CD43F006817B2 /* Sources */,
				7F2EE7AB146CD43F006817B2 /* Frameworks */,
				7F2EE7AC146CD43F006817B2 /* Resources */,
			);
			buildRules = (
			);
			dependencies = (
			);
			name = EffectLoadingView;
			productName = EffectLoadingView;
			productReference = 7F2EE7AE146CD43F006817B2 /* EffectLoadingView.app */;
			productType = "com.apple.product-type.application";
		};
		7F2EE7CE146CD43F006817B2 /* EffectLoadingViewTests */ = {
			isa = PBXNativeTarget;
			buildConfigurationList = 7F2EE7E4146CD43F006817B2 /* Build configuration list for PBXNativeTarget "EffectLoadingViewTests" */;
			buildPhases = (
				7F2EE7CA146CD43F006817B2 /* Sources */,
				7F2EE7CB146CD43F006817B2 /* Frameworks */,
				7F2EE7CC146CD43F006817B2 /* Resources */,
				7F2EE7CD146CD43F006817B2 /* ShellScript */,
			);
			buildRules = (
			);
			dependencies = (
				7F2EE7D5146CD43F006817B2 /* PBXTargetDependency */,
			);
			name = EffectLoadingViewTests;
			productName = EffectLoadingViewTests;
			productReference = 7F2EE7CF146CD43F006817B2 /* EffectLoadingViewTests.octest */;
			productType = "com.apple.product-type.bundle";
		};
/* End PBXNativeTarget section */

/* Begin PBXProject section */
		7F2EE7A5146CD43F006817B2 /* Project object */ = {
			isa = PBXProject;
			attributes = {
				LastUpgradeCheck = 0420;
				ORGANIZATIONNAME = thePlant;
			};
			buildConfigurationList = 7F2EE7A8146CD43F006817B2 /* Build configuration list for PBXProject "EffectLoadingView" */;
			compatibilityVersion = "Xcode 3.2";
			developmentRegion = English;
			hasScannedForEncodings = 0;
			knownRegions = (
				en,
			);
			mainGroup = 7F2EE7A3146CD43F006817B2;
			productRefGroup = 7F2EE7AF146CD43F006817B2 /* Products */;
			projectDirPath = "";
			projectRoot = "";
			targets = (
				7F2EE7AD146CD43F006817B2 /* EffectLoadingView */,
				7F2EE7CE146CD43F006817B2 /* EffectLoadingViewTests */,
			);
		};
/* End PBXProject section */

/* Begin PBXResourcesBuildPhase section */
		7F2EE7AC146CD43F006817B2 /* Resources */ = {
			isa = PBXResourcesBuildPhase;
			buildActionMask = 2147483647;
			files = (
				7F2EE7BD146CD43F006817B2 /* InfoPlist.strings in Resources */,
				7F2EE7C9146CD43F006817B2 /* ViewController.xib in Resources */,
				7F2EE7EC146CFB96006817B2 /* image_02_640x960.jpg in Resources */,
				7F2EE7EE146CFBA8006817B2 /* image_01_640x960.jpg in Resources */,
			);
			runOnlyForDeploymentPostprocessing = 0;
		};
		7F2EE7CC146CD43F006817B2 /* Resources */ = {
			isa = PBXResourcesBuildPhase;
			buildActionMask = 2147483647;
			files = (
				7F2EE7DB146CD43F006817B2 /* InfoPlist.strings in Resources */,
			);
			runOnlyForDeploymentPostprocessing = 0;
		};
/* End PBXResourcesBuildPhase section */

/* Begin PBXShellScriptBuildPhase section */
		7F2EE7CD146CD43F006817B2 /* ShellScript */ = {
			isa = PBXShellScriptBuildPhase;
			buildActionMask = 2147483647;
			files = (
			);
			inputPaths = (
			);
			outputPaths = (
			);
			runOnlyForDeploymentPostprocessing = 0;
			shellPath = /bin/sh;
			shellScript = "# Run the unit tests in this test bundle.\n\"${SYSTEM_DEVELOPER_DIR}/Tools/RunUnitTests\"\n";
		};
/* End PBXShellScriptBuildPhase section */

/* Begin PBXSourcesBuildPhase section */
		7F2EE7AA146CD43F006817B2 /* Sources */ = {
			isa = PBXSourcesBuildPhase;
			buildActionMask = 2147483647;
			files = (
				7F2EE7BF146CD43F006817B2 /* main.m in Sources */,
				7F2EE7C3146CD43F006817B2 /* AppDelegate.m in Sources */,
				7F2EE7C6146CD43F006817B2 /* ViewController.m in Sources */,
				7F2EE7E9146CD57A006817B2 /* LoadingViewController.m in Sources */,
				7F2EE7F1146CFF1B006817B2 /* NewViewController.m in Sources */,
			);
			runOnlyForDeploymentPostprocessing = 0;
		};
		7F2EE7CA146CD43F006817B2 /* Sources */ = {
			isa = PBXSourcesBuildPhase;
			buildActionMask = 2147483647;
			files = (
				7F2EE7DE146CD43F006817B2 /* EffectLoadingViewTests.m in Sources */,
			);
			runOnlyForDeploymentPostprocessing = 0;
		};
/* End PBXSourcesBuildPhase section */

/* Begin PBXTargetDependency section */
		7F2EE7D5146CD43F006817B2 /* PBXTargetDependency */ = {
			isa = PBXTargetDependency;
			target = 7F2EE7AD146CD43F006817B2 /* EffectLoadingView */;
			targetProxy = 7F2EE7D4146CD43F006817B2 /* PBXContainerItemProxy */;
		};
/* End PBXTargetDependency section */

/* Begin PBXVariantGroup section */
		7F2EE7BB146CD43F006817B2 /* InfoPlist.strings */ = {
			isa = PBXVariantGroup;
			children = (
				7F2EE7BC146CD43F006817B2 /* en */,
			);
			name = InfoPlist.strings;
			sourceTree = "<group>";
		};
		7F2EE7C7146CD43F006817B2 /* ViewController.xib */ = {
			isa = PBXVariantGroup;
			children = (
				7F2EE7C8146CD43F006817B2 /* en */,
			);
			name = ViewController.xib;
			sourceTree = "<group>";
		};
		7F2EE7D9146CD43F006817B2 /* InfoPlist.strings */ = {
			isa = PBXVariantGroup;
			children = (
				7F2EE7DA146CD43F006817B2 /* en */,
			);
			name = InfoPlist.strings;
			sourceTree = "<group>";
		};
/* End PBXVariantGroup section */

/* Begin XCBuildConfiguration section */
		7F2EE7DF146CD43F006817B2 /* Debug */ = {
			isa = XCBuildConfiguration;
			buildSettings = {
				ALWAYS_SEARCH_USER_PATHS = NO;
				ARCHS = "$(ARCHS_STANDARD_32_BIT)";
				"CODE_SIGN_IDENTITY[sdk=iphoneos*]" = "iPhone Developer";
				COPY_PHASE_STRIP = NO;
				GCC_C_LANGUAGE_STANDARD = gnu99;
				GCC_DYNAMIC_NO_PIC = NO;
				GCC_OPTIMIZATION_LEVEL = 0;
				GCC_PREPROCESSOR_DEFINITIONS = (
					"DEBUG=1",
					"$(inherited)",
				);
				GCC_SYMBOLS_PRIVATE_EXTERN = NO;
				GCC_VERSION = com.apple.compilers.llvm.clang.1_0;
				GCC_WARN_ABOUT_MISSING_PROTOTYPES = YES;
				GCC_WARN_ABOUT_RETURN_TYPE = YES;
				GCC_WARN_UNUSED_VARIABLE = YES;
				IPHONEOS_DEPLOYMENT_TARGET = 5.0;
				SDKROOT = iphoneos;
			};
			name = Debug;
		};
		7F2EE7E0146CD43F006817B2 /* Release */ = {
			isa = XCBuildConfiguration;
			buildSettings = {
				ALWAYS_SEARCH_USER_PATHS = NO;
				ARCHS = "$(ARCHS_STANDARD_32_BIT)";
				"CODE_SIGN_IDENTITY[sdk=iphoneos*]" = "iPhone Developer";
				COPY_PHASE_STRIP = YES;
				GCC_C_LANGUAGE_STANDARD = gnu99;
				GCC_VERSION = com.apple.compilers.llvm.clang.1_0;
				GCC_WARN_ABOUT_MISSING_PROTOTYPES = YES;
				GCC_WARN_ABOUT_RETURN_TYPE = YES;
				GCC_WARN_UNUSED_VARIABLE = YES;
				IPHONEOS_DEPLOYMENT_TARGET = 5.0;
				OTHER_CFLAGS = "-DNS_BLOCK_ASSERTIONS=1";
				SDKROOT = iphoneos;
				VALIDATE_PRODUCT = YES;
			};
			name = Release;
		};
		7F2EE7E2146CD43F006817B2 /* Debug */ = {
			isa = XCBuildConfiguration;
			buildSettings = {
				GCC_PRECOMPILE_PREFIX_HEADER = YES;
				GCC_PREFIX_HEADER = "EffectLoadingView/EffectLoadingView-Prefix.pch";
				INFOPLIST_FILE = "EffectLoadingView/EffectLoadingView-Info.plist";
				IPHONEOS_DEPLOYMENT_TARGET = 4.3;
				PRODUCT_NAME = "$(TARGET_NAME)";
				WRAPPER_EXTENSION = app;
			};
			name = Debug;
		};
		7F2EE7E3146CD43F006817B2 /* Release */ = {
			isa = XCBuildConfiguration;
			buildSettings = {
				GCC_PRECOMPILE_PREFIX_HEADER = YES;
				GCC_PREFIX_HEADER = "EffectLoadingView/EffectLoadingView-Prefix.pch";
				INFOPLIST_FILE = "EffectLoadingView/EffectLoadingView-Info.plist";
				IPHONEOS_DEPLOYMENT_TARGET = 4.3;
				PRODUCT_NAME = "$(TARGET_NAME)";
				WRAPPER_EXTENSION = app;
			};
			name = Release;
		};
		7F2EE7E5146CD43F006817B2 /* Debug */ = {
			isa = XCBuildConfiguration;
			buildSettings = {
				BUNDLE_LOADER = "$(BUILT_PRODUCTS_DIR)/EffectLoadingView.app/EffectLoadingView";
				FRAMEWORK_SEARCH_PATHS = (
					"$(SDKROOT)/Developer/Library/Frameworks",
					"$(DEVELOPER_LIBRARY_DIR)/Frameworks",
				);
				GCC_PRECOMPILE_PREFIX_HEADER = YES;
				GCC_PREFIX_HEADER = "EffectLoadingView/EffectLoadingView-Prefix.pch";
				INFOPLIST_FILE = "EffectLoadingViewTests/EffectLoadingViewTests-Info.plist";
				PRODUCT_NAME = "$(TARGET_NAME)";
				TEST_HOST = "$(BUNDLE_LOADER)";
				WRAPPER_EXTENSION = octest;
			};
			name = Debug;
		};
		7F2EE7E6146CD43F006817B2 /* Release */ = {
			isa = XCBuildConfiguration;
			buildSettings = {
				BUNDLE_LOADER = "$(BUILT_PRODUCTS_DIR)/EffectLoadingView.app/EffectLoadingView";
				FRAMEWORK_SEARCH_PATHS = (
					"$(SDKROOT)/Developer/Library/Frameworks",
					"$(DEVELOPER_LIBRARY_DIR)/Frameworks",
				);
				GCC_PRECOMPILE_PREFIX_HEADER = YES;
				GCC_PREFIX_HEADER = "EffectLoadingView/EffectLoadingView-Prefix.pch";
				INFOPLIST_FILE = "EffectLoadingViewTests/EffectLoadingViewTests-Info.plist";
				PRODUCT_NAME = "$(TARGET_NAME)";
				TEST_HOST = "$(BUNDLE_LOADER)";
				WRAPPER_EXTENSION = octest;
			};
			name = Release;
		};
/* End XCBuildConfiguration section */

/* Begin XCConfigurationList section */
		7F2EE7A8146CD43F006817B2 /* Build configuration list for PBXProject "EffectLoadingView" */ = {
			isa = XCConfigurationList;
			buildConfigurations = (
				7F2EE7DF146CD43F006817B2 /* Debug */,
				7F2EE7E0146CD43F006817B2 /* Release */,
			);
			defaultConfigurationIsVisible = 0;
			defaultConfigurationName = Release;
		};
		7F2EE7E1146CD43F006817B2 /* Build configuration list for PBXNativeTarget "EffectLoadingView" */ = {
			isa = XCConfigurationList;
			buildConfigurations = (
				7F2EE7E2146CD43F006817B2 /* Debug */,
				7F2EE7E3146CD43F006817B2 /* Release */,
			);
			defaultConfigurationIsVisible = 0;
		};
		7F2EE7E4146CD43F006817B2 /* Build configuration list for PBXNativeTarget "EffectLoadingViewTests" */ = {
			isa = XCConfigurationList;
			buildConfigurations = (
				7F2EE7E5146CD43F006817B2 /* Debug */,
				7F2EE7E6146CD43F006817B2 /* Release */,
			);
			defaultConfigurationIsVisible = 0;
		};
/* End XCConfigurationList section */
	};
	rootObject = 7F2EE7A5146CD43F006817B2 /* Project object */;
}
